
Microsoft Visual Studio Solution File, Format Version 11.00
# Visual Studio 2010
Project("{FAE04EC0-301F-11D3-BF4B-00C04F79EFBC}") = "Assembly-CSharp", "Assembly-CSharp.csproj", "{d72aa5b2-36de-c987-55ee-aa597fc4d069}"
EndProject
Project("{FAE04EC0-301F-11D3-BF4B-00C04F79EFBC}") = "Assembly-CSharp-Editor", "Assembly-CSharp-Editor.csproj", "{58572fba-f247-3910-1b29-d6b64262ce4c}"
EndProject
Global
	GlobalSection(SolutionConfigurationPlatforms) = preSolution
		Debug|Any CPU = Debug|Any CPU
	EndGlobalSection
	GlobalSection(ProjectConfigurationPlatforms) = postSolution
		{d72aa5b2-36de-c987-55ee-aa597fc4d069}.Debug|Any CPU.ActiveCfg = Debug|Any CPU
		{d72aa5b2-36de-c987-55ee-aa597fc4d069}.Debug|Any CPU.Build.0 = Debug|Any CPU
		{58572fba-f247-3910-1b29-d6b64262ce4c}.Debug|Any CPU.ActiveCfg = Debug|Any CPU
		{58572fba-f247-3910-1b29-d6b64262ce4c}.Debug|Any CPU.Build.0 = Debug|Any CPU
	EndGlobalSection
	GlobalSection(SolutionProperties) = preSolution
		HideSolutionNode = FALSE
	EndGlobalSection
EndGlobal
