
Microsoft Visual Studio Solution File, Format Version 11.00
# Visual Studio 2010
Project("{FAE04EC0-301F-11D3-BF4B-00C04F79EFBC}") = "Assembly-CSharp", "Assembly-CSharp.csproj", "{0c0c974e-c871-afe8-b482-818cf2385832}"
EndProject
Project("{FAE04EC0-301F-11D3-BF4B-00C04F79EFBC}") = "Assembly-CSharp-Editor", "Assembly-CSharp-Editor.csproj", "{7f3830a7-f511-5026-d2dd-55545aa727cc}"
EndProject
Global
	GlobalSection(SolutionConfigurationPlatforms) = preSolution
		Debug|Any CPU = Debug|Any CPU
	EndGlobalSection
	GlobalSection(ProjectConfigurationPlatforms) = postSolution
		{0c0c974e-c871-afe8-b482-818cf2385832}.Debug|Any CPU.ActiveCfg = Debug|Any CPU
		{0c0c974e-c871-afe8-b482-818cf2385832}.Debug|Any CPU.Build.0 = Debug|Any CPU
		{7f3830a7-f511-5026-d2dd-55545aa727cc}.Debug|Any CPU.ActiveCfg = Debug|Any CPU
		{7f3830a7-f511-5026-d2dd-55545aa727cc}.Debug|Any CPU.Build.0 = Debug|Any CPU
	EndGlobalSection
	GlobalSection(SolutionProperties) = preSolution
		HideSolutionNode = FALSE
	EndGlobalSection
EndGlobal
